// !$*UTF8*$!
{
	archiveVersion = 1;
	classes = {
	};
	objectVersion = 55;
	objects = {

/* Begin PBXBuildFile section */
		1E9E708028996E9000CEA8FA /* Kuddle_AssignmentApp.swift in Sources */ = {isa = PBXBuildFile; fileRef = 1E9E707F28996E9000CEA8FA /* Kuddle_AssignmentApp.swift */; };
		1E9E708228996E9000CEA8FA /* ContentView.swift in Sources */ = {isa = PBXBuildFile; fileRef = 1E9E708128996E9000CEA8FA /* ContentView.swift */; };
		1E9E708428996E9200CEA8FA /* Assets.xcassets in Resources */ = {isa = PBXBuildFile; fileRef = 1E9E708328996E9200CEA8FA /* Assets.xcassets */; };
		1E9E708728996E9200CEA8FA /* Preview Assets.xcassets in Resources */ = {isa = PBXBuildFile; fileRef = 1E9E708628996E9200CEA8FA /* Preview Assets.xcassets */; };
		1E9E709128996F0100CEA8FA /* LoginView.swift in Sources */ = {isa = PBXBuildFile; fileRef = 1E9E709028996F0100CEA8FA /* LoginView.swift */; };
		1E9E709328996F2D00CEA8FA /* HomeView.swift in Sources */ = {isa = PBXBuildFile; fileRef = 1E9E709228996F2D00CEA8FA /* HomeView.swift */; };
		1E9E7095289971F100CEA8FA /* ClassModel.swift in Sources */ = {isa = PBXBuildFile; fileRef = 1E9E7094289971F100CEA8FA /* ClassModel.swift */; };
		1E9E70972899725C00CEA8FA /* ClassViewModel.swift in Sources */ = {isa = PBXBuildFile; fileRef = 1E9E70962899725C00CEA8FA /* ClassViewModel.swift */; };
		1E9E70992899734400CEA8FA /* YogaView.swift in Sources */ = {isa = PBXBuildFile; fileRef = 1E9E70982899734400CEA8FA /* YogaView.swift */; };
		1E9E709B2899748500CEA8FA /* GymView.swift in Sources */ = {isa = PBXBuildFile; fileRef = 1E9E709A2899748500CEA8FA /* GymView.swift */; };
		1E9E709D2899749000CEA8FA /* DanceView.swift in Sources */ = {isa = PBXBuildFile; fileRef = 1E9E709C2899749000CEA8FA /* DanceView.swift */; };
/* End PBXBuildFile section */

/* Begin PBXFileReference section */
		1E9E707C28996E9000CEA8FA /* Kuddle-Assignment.app */ = {isa = PBXFileReference; explicitFileType = wrapper.application; includeInIndex = 0; path = "Kuddle-Assignment.app"; sourceTree = BUILT_PRODUCTS_DIR; };
		1E9E707F28996E9000CEA8FA /* Kuddle_AssignmentApp.swift */ = {isa = PBXFileReference; lastKnownFileType = sourcecode.swift; path = Kuddle_AssignmentApp.swift; sourceTree = "<group>"; };
		1E9E708128996E9000CEA8FA /* ContentView.swift */ = {isa = PBXFileReference; lastKnownFileType = sourcecode.swift; path = ContentView.swift; sourceTree = "<group>"; };
		1E9E708328996E9200CEA8FA /* Assets.xcassets */ = {isa = PBXFileReference; lastKnownFileType = folder.assetcatalog; path = Assets.xcassets; sourceTree = "<group>"; };
		1E9E708628996E9200CEA8FA /* Preview Assets.xcassets */ = {isa = PBXFileReference; lastKnownFileType = folder.assetcatalog; path = "Preview Assets.xcassets"; sourceTree = "<group>"; };
		1E9E709028996F0100CEA8FA /* LoginView.swift */ = {isa = PBXFileReference; lastKnownFileType = sourcecode.swift; path = LoginView.swift; sourceTree = "<group>"; };
		1E9E709228996F2D00CEA8FA /* HomeView.swift */ = {isa = PBXFileReference; lastKnownFileType = sourcecode.swift; path = HomeView.swift; sourceTree = "<group>"; };
		1E9E7094289971F100CEA8FA /* ClassModel.swift */ = {isa = PBXFileReference; lastKnownFileType = sourcecode.swift; path = ClassModel.swift; sourceTree = "<group>"; };
		1E9E70962899725C00CEA8FA /* ClassViewModel.swift */ = {isa = PBXFileReference; lastKnownFileType = sourcecode.swift; path = ClassViewModel.swift; sourceTree = "<group>"; };
		1E9E70982899734400CEA8FA /* YogaView.swift */ = {isa = PBXFileReference; lastKnownFileType = sourcecode.swift; path = YogaView.swift; sourceTree = "<group>"; };
		1E9E709A2899748500CEA8FA /* GymView.swift */ = {isa = PBXFileReference; lastKnownFileType = sourcecode.swift; path = GymView.swift; sourceTree = "<group>"; };
		1E9E709C2899749000CEA8FA /* DanceView.swift */ = {isa = PBXFileReference; lastKnownFileType = sourcecode.swift; path = DanceView.swift; sourceTree = "<group>"; };
/* End PBXFileReference section */

/* Begin PBXFrameworksBuildPhase section */
		1E9E707928996E9000CEA8FA /* Frameworks */ = {
			isa = PBXFrameworksBuildPhase;
			buildActionMask = 2147483647;
			files = (
			);
			runOnlyForDeploymentPostprocessing = 0;
		};
/* End PBXFrameworksBuildPhase section */

/* Begin PBXGroup section */
		1E9E707328996E9000CEA8FA = {
			isa = PBXGroup;
			children = (
				1E9E707E28996E9000CEA8FA /* Kuddle-Assignment */,
				1E9E707D28996E9000CEA8FA /* Products */,
			);
			sourceTree = "<group>";
		};
		1E9E707D28996E9000CEA8FA /* Products */ = {
			isa = PBXGroup;
			children = (
				1E9E707C28996E9000CEA8FA /* Kuddle-Assignment.app */,
			);
			name = Products;
			sourceTree = "<group>";
		};
		1E9E707E28996E9000CEA8FA /* Kuddle-Assignment */ = {
			isa = PBXGroup;
			children = (
				1E9E708F28996EE900CEA8FA /* ViewModel */,
				1E9E708E28996EE300CEA8FA /* View */,
				1E9E708D28996EDB00CEA8FA /* Model */,
				1E9E707F28996E9000CEA8FA /* Kuddle_AssignmentApp.swift */,
				1E9E708328996E9200CEA8FA /* Assets.xcassets */,
				1E9E708528996E9200CEA8FA /* Preview Content */,
			);
			path = "Kuddle-Assignment";
			sourceTree = "<group>";
		};
		1E9E708528996E9200CEA8FA /* Preview Content */ = {
			isa = PBXGroup;
			children = (
				1E9E708628996E9200CEA8FA /* Preview Assets.xcassets */,
			);
			path = "Preview Content";
			sourceTree = "<group>";
		};
		1E9E708D28996EDB00CEA8FA /* Model */ = {
			isa = PBXGroup;
			children = (
				1E9E7094289971F100CEA8FA /* ClassModel.swift */,
			);
			path = Model;
			sourceTree = "<group>";
		};
		1E9E708E28996EE300CEA8FA /* View */ = {
			isa = PBXGroup;
			children = (
				1E9E708128996E9000CEA8FA /* ContentView.swift */,
				1E9E709028996F0100CEA8FA /* LoginView.swift */,
				1E9E709228996F2D00CEA8FA /* HomeView.swift */,
				1E9E70982899734400CEA8FA /* YogaView.swift */,
				1E9E709A2899748500CEA8FA /* GymView.swift */,
				1E9E709C2899749000CEA8FA /* DanceView.swift */,
			);
			path = View;
			sourceTree = "<group>";
		};
		1E9E708F28996EE900CEA8FA /* ViewModel */ = {
			isa = PBXGroup;
			children = (
				1E9E70962899725C00CEA8FA /* ClassViewModel.swift */,
			);
			path = ViewModel;
			sourceTree = "<group>";
		};
/* End PBXGroup section */

/* Begin PBXNativeTarget section */
		1E9E707B28996E9000CEA8FA /* Kuddle-Assignment */ = {
			isa = PBXNativeTarget;
			buildConfigurationList = 1E9E708A28996E9200CEA8FA /* Build configuration list for PBXNativeTarget "Kuddle-Assignment" */;
			buildPhases = (
				1E9E707828996E9000CEA8FA /* Sources */,
				1E9E707928996E9000CEA8FA /* Frameworks */,
				1E9E707A28996E9000CEA8FA /* Resources */,
			);
			buildRules = (
			);
			dependencies = (
			);
			name = "Kuddle-Assignment";
			productName = "Kuddle-Assignment";
			productReference = 1E9E707C28996E9000CEA8FA /* Kuddle-Assignment.app */;
			productType = "com.apple.product-type.application";
		};
/* End PBXNativeTarget section */

/* Begin PBXProject section */
		1E9E707428996E9000CEA8FA /* Project object */ = {
			isa = PBXProject;
			attributes = {
				BuildIndependentTargetsInParallel = 1;
				LastSwiftUpdateCheck = 1340;
				LastUpgradeCheck = 1340;
				TargetAttributes = {
					1E9E707B28996E9000CEA8FA = {
						CreatedOnToolsVersion = 13.4.1;
					};
				};
			};
			buildConfigurationList = 1E9E707728996E9000CEA8FA /* Build configuration list for PBXProject "Kuddle-Assignment" */;
			compatibilityVersion = "Xcode 13.0";
			developmentRegion = en;
			hasScannedForEncodings = 0;
			knownRegions = (
				en,
				Base,
			);
			mainGroup = 1E9E707328996E9000CEA8FA;
			productRefGroup = 1E9E707D28996E9000CEA8FA /* Products */;
			projectDirPath = "";
			projectRoot = "";
			targets = (
				1E9E707B28996E9000CEA8FA /* Kuddle-Assignment */,
			);
		};
/* End PBXProject section */

/* Begin PBXResourcesBuildPhase section */
		1E9E707A28996E9000CEA8FA /* Resources */ = {
			isa = PBXResourcesBuildPhase;
			buildActionMask = 2147483647;
			files = (
				1E9E708728996E9200CEA8FA /* Preview Assets.xcassets in Resources */,
				1E9E708428996E9200CEA8FA /* Assets.xcassets in Resources */,
			);
			runOnlyForDeploymentPostprocessing = 0;
		};
/* End PBXResourcesBuildPhase section */

/* Begin PBXSourcesBuildPhase section */
		1E9E707828996E9000CEA8FA /* Sources */ = {
			isa = PBXSourcesBuildPhase;
			buildActionMask = 2147483647;
			files = (
				1E9E709D2899749000CEA8FA /* DanceView.swift in Sources */,
				1E9E709B2899748500CEA8FA /* GymView.swift in Sources */,
				1E9E709128996F0100CEA8FA /* LoginView.swift in Sources */,
				1E9E70972899725C00CEA8FA /* ClassViewModel.swift in Sources */,
				1E9E709328996F2D00CEA8FA /* HomeView.swift in Sources */,
				1E9E708228996E9000CEA8FA /* ContentView.swift in Sources */,
				1E9E7095289971F100CEA8FA /* ClassModel.swift in Sources */,
				1E9E70992899734400CEA8FA /* YogaView.swift in Sources */,
				1E9E708028996E9000CEA8FA /* Kuddle_AssignmentApp.swift in Sources */,
			);
			runOnlyForDeploymentPostprocessing = 0;
		};
/* End PBXSourcesBuildPhase section */

/* Begin XCBuildConfiguration section */
		1E9E708828996E9200CEA8FA /* Debug */ = {
			isa = XCBuildConfiguration;
			buildSettings = {
				ALWAYS_SEARCH_USER_PATHS = NO;
				CLANG_ANALYZER_NONNULL = YES;
				CLANG_ANALYZER_NUMBER_OBJECT_CONVERSION = YES_AGGRESSIVE;
				CLANG_CXX_LANGUAGE_STANDARD = "gnu++17";
				CLANG_ENABLE_MODULES = YES;
				CLANG_ENABLE_OBJC_ARC = YES;
				CLANG_ENABLE_OBJC_WEAK = YES;
				CLANG_WARN_BLOCK_CAPTURE_AUTORELEASING = YES;
				CLANG_WARN_BOOL_CONVERSION = YES;
				CLANG_WARN_COMMA = YES;
				CLANG_WARN_CONSTANT_CONVERSION = YES;
				CLANG_WARN_DEPRECATED_OBJC_IMPLEMENTATIONS = YES;
				CLANG_WARN_DIRECT_OBJC_ISA_USAGE = YES_ERROR;
				CLANG_WARN_DOCUMENTATION_COMMENTS = YES;
				CLANG_WARN_EMPTY_BODY = YES;
				CLANG_WARN_ENUM_CONVERSION = YES;
				CLANG_WARN_INFINITE_RECURSION = YES;
				CLANG_WARN_INT_CONVERSION = YES;
				CLANG_WARN_NON_LITERAL_NULL_CONVERSION = YES;
				CLANG_WARN_OBJC_IMPLICIT_RETAIN_SELF = YES;
				CLANG_WARN_OBJC_LITERAL_CONVERSION = YES;
				CLANG_WARN_OBJC_ROOT_CLASS = YES_ERROR;
				CLANG_WARN_QUOTED_INCLUDE_IN_FRAMEWORK_HEADER = YES;
				CLANG_WARN_RANGE_LOOP_ANALYSIS = YES;
				CLANG_WARN_STRICT_PROTOTYPES = YES;
				CLANG_WARN_SUSPICIOUS_MOVE = YES;
				CLANG_WARN_UNGUARDED_AVAILABILITY = YES_AGGRESSIVE;
				CLANG_WARN_UNREACHABLE_CODE = YES;
				CLANG_WARN__DUPLICATE_METHOD_MATCH = YES;
				COPY_PHASE_STRIP = NO;
				DEBUG_INFORMATION_FORMAT = dwarf;
				ENABLE_STRICT_OBJC_MSGSEND = YES;
				ENABLE_TESTABILITY = YES;
				GCC_C_LANGUAGE_STANDARD = gnu11;
				GCC_DYNAMIC_NO_PIC = NO;
				GCC_NO_COMMON_BLOCKS = YES;
				GCC_OPTIMIZATION_LEVEL = 0;
				GCC_PREPROCESSOR_DEFINITIONS = (
					"DEBUG=1",
					"$(inherited)",
				);
				GCC_WARN_64_TO_32_BIT_CONVERSION = YES;
				GCC_WARN_ABOUT_RETURN_TYPE = YES_ERROR;
				GCC_WARN_UNDECLARED_SELECTOR = YES;
				GCC_WARN_UNINITIALIZED_AUTOS = YES_AGGRESSIVE;
				GCC_WARN_UNUSED_FUNCTION = YES;
				GCC_WARN_UNUSED_VARIABLE = YES;
				IPHONEOS_DEPLOYMENT_TARGET = 15.5;
				MTL_ENABLE_DEBUG_INFO = INCLUDE_SOURCE;
				MTL_FAST_MATH = YES;
				ONLY_ACTIVE_ARCH = YES;
				SDKROOT = iphoneos;
				SWIFT_ACTIVE_COMPILATION_CONDITIONS = DEBUG;
				SWIFT_OPTIMIZATION_LEVEL = "-Onone";
			};
			name = Debug;
		};
		1E9E708928996E9200CEA8FA /* Release */ = {
			isa = XCBuildConfiguration;
			buildSettings = {
				ALWAYS_SEARCH_USER_PATHS = NO;
				CLANG_ANALYZER_NONNULL = YES;
				CLANG_ANALYZER_NUMBER_OBJECT_CONVERSION = YES_AGGRESSIVE;
				CLANG_CXX_LANGUAGE_STANDARD = "gnu++17";
				CLANG_ENABLE_MODULES = YES;
				CLANG_ENABLE_OBJC_ARC = YES;
				CLANG_ENABLE_OBJC_WEAK = YES;
				CLANG_WARN_BLOCK_CAPTURE_AUTORELEASING = YES;
				CLANG_WARN_BOOL_CONVERSION = YES;
				CLANG_WARN_COMMA = YES;
				CLANG_WARN_CONSTANT_CONVERSION = YES;
				CLANG_WARN_DEPRECATED_OBJC_IMPLEMENTATIONS = YES;
				CLANG_WARN_DIRECT_OBJC_ISA_USAGE = YES_ERROR;
				CLANG_WARN_DOCUMENTATION_COMMENTS = YES;
				CLANG_WARN_EMPTY_BODY = YES;
				CLANG_WARN_ENUM_CONVERSION = YES;
				CLANG_WARN_INFINITE_RECURSION = YES;
				CLANG_WARN_INT_CONVERSION = YES;
				CLANG_WARN_NON_LITERAL_NULL_CONVERSION = YES;
				CLANG_WARN_OBJC_IMPLICIT_RETAIN_SELF = YES;
				CLANG_WARN_OBJC_LITERAL_CONVERSION = YES;
				CLANG_WARN_OBJC_ROOT_CLASS = YES_ERROR;
				CLANG_WARN_QUOTED_INCLUDE_IN_FRAMEWORK_HEADER = YES;
				CLANG_WARN_RANGE_LOOP_ANALYSIS = YES;
				CLANG_WARN_STRICT_PROTOTYPES = YES;
				CLANG_WARN_SUSPICIOUS_MOVE = YES;
				CLANG_WARN_UNGUARDED_AVAILABILITY = YES_AGGRESSIVE;
				CLANG_WARN_UNREACHABLE_CODE = YES;
				CLANG_WARN__DUPLICATE_METHOD_MATCH = YES;
				COPY_PHASE_STRIP = NO;
				DEBUG_INFORMATION_FORMAT = "dwarf-with-dsym";
				ENABLE_NS_ASSERTIONS = NO;
				ENABLE_STRICT_OBJC_MSGSEND = YES;
				GCC_C_LANGUAGE_STANDARD = gnu11;
				GCC_NO_COMMON_BLOCKS = YES;
				GCC_WARN_64_TO_32_BIT_CONVERSION = YES;
				GCC_WARN_ABOUT_RETURN_TYPE = YES_ERROR;
				GCC_WARN_UNDECLARED_SELECTOR = YES;
				GCC_WARN_UNINITIALIZED_AUTOS = YES_AGGRESSIVE;
				GCC_WARN_UNUSED_FUNCTION = YES;
				GCC_WARN_UNUSED_VARIABLE = YES;
				IPHONEOS_DEPLOYMENT_TARGET = 15.5;
				MTL_ENABLE_DEBUG_INFO = NO;
				MTL_FAST_MATH = YES;
				SDKROOT = iphoneos;
				SWIFT_COMPILATION_MODE = wholemodule;
				SWIFT_OPTIMIZATION_LEVEL = "-O";
				VALIDATE_PRODUCT = YES;
			};
			name = Release;
		};
		1E9E708B28996E9200CEA8FA /* Debug */ = {
			isa = XCBuildConfiguration;
			buildSettings = {
				ASSETCATALOG_COMPILER_APPICON_NAME = AppIcon;
				ASSETCATALOG_COMPILER_GLOBAL_ACCENT_COLOR_NAME = AccentColor;
				CODE_SIGN_STYLE = Automatic;
				CURRENT_PROJECT_VERSION = 1;
				DEVELOPMENT_ASSET_PATHS = "\"Kuddle-Assignment/Preview Content\"";
				DEVELOPMENT_TEAM = 2Y57VDDGA4;
				ENABLE_PREVIEWS = YES;
				GENERATE_INFOPLIST_FILE = YES;
				INFOPLIST_KEY_UIApplicationSceneManifest_Generation = YES;
				INFOPLIST_KEY_UIApplicationSupportsIndirectInputEvents = YES;
				INFOPLIST_KEY_UILaunchScreen_Generation = YES;
				INFOPLIST_KEY_UISupportedInterfaceOrientations_iPad = "UIInterfaceOrientationPortrait UIInterfaceOrientationPortraitUpsideDown UIInterfaceOrientationLandscapeLeft UIInterfaceOrientationLandscapeRight";
				INFOPLIST_KEY_UISupportedInterfaceOrientations_iPhone = "UIInterfaceOrientationPortrait UIInterfaceOrientationLandscapeLeft UIInterfaceOrientationLandscapeRight";
				LD_RUNPATH_SEARCH_PATHS = (
					"$(inherited)",
					"@executable_path/Frameworks",
				);
				MARKETING_VERSION = 1.0;
				PRODUCT_BUNDLE_IDENTIFIER = "com.gokulnair.kuddle.Kuddle-Assignment";
				PRODUCT_NAME = "$(TARGET_NAME)";
				SWIFT_EMIT_LOC_STRINGS = YES;
				SWIFT_VERSION = 5.0;
				TARGETED_DEVICE_FAMILY = "1,2";
			};
			name = Debug;
		};
		1E9E708C28996E9200CEA8FA /* Release */ = {
			isa = XCBuildConfiguration;
			buildSettings = {
				ASSETCATALOG_COMPILER_APPICON_NAME = AppIcon;
				ASSETCATALOG_COMPILER_GLOBAL_ACCENT_COLOR_NAME = AccentColor;
				CODE_SIGN_STYLE = Automatic;
				CURRENT_PROJECT_VERSION = 1;
				DEVELOPMENT_ASSET_PATHS = "\"Kuddle-Assignment/Preview Content\"";
				DEVELOPMENT_TEAM = 2Y57VDDGA4;
				ENABLE_PREVIEWS = YES;
				GENERATE_INFOPLIST_FILE = YES;
				INFOPLIST_KEY_UIApplicationSceneManifest_Generation = YES;
				INFOPLIST_KEY_UIApplicationSupportsIndirectInputEvents = YES;
				INFOPLIST_KEY_UILaunchScreen_Generation = YES;
				INFOPLIST_KEY_UISupportedInterfaceOrientations_iPad = "UIInterfaceOrientationPortrait UIInterfaceOrientationPortraitUpsideDown UIInterfaceOrientationLandscapeLeft UIInterfaceOrientationLandscapeRight";
				INFOPLIST_KEY_UISupportedInterfaceOrientations_iPhone = "UIInterfaceOrientationPortrait UIInterfaceOrientationLandscapeLeft UIInterfaceOrientationLandscapeRight";
				LD_RUNPATH_SEARCH_PATHS = (
					"$(inherited)",
					"@executable_path/Frameworks",
				);
				MARKETING_VERSION = 1.0;
				PRODUCT_BUNDLE_IDENTIFIER = "com.gokulnair.kuddle.Kuddle-Assignment";
				PRODUCT_NAME = "$(TARGET_NAME)";
				SWIFT_EMIT_LOC_STRINGS = YES;
				SWIFT_VERSION = 5.0;
				TARGETED_DEVICE_FAMILY = "1,2";
			};
			name = Release;
		};
/* End XCBuildConfiguration section */

/* Begin XCConfigurationList section */
		1E9E707728996E9000CEA8FA /* Build configuration list for PBXProject "Kuddle-Assignment" */ = {
			isa = XCConfigurationList;
			buildConfigurations = (
				1E9E708828996E9200CEA8FA /* Debug */,
				1E9E708928996E9200CEA8FA /* Release */,
			);
			defaultConfigurationIsVisible = 0;
			defaultConfigurationName = Release;
		};
		1E9E708A28996E9200CEA8FA /* Build configuration list for PBXNativeTarget "Kuddle-Assignment" */ = {
			isa = XCConfigurationList;
			buildConfigurations = (
				1E9E708B28996E9200CEA8FA /* Debug */,
				1E9E708C28996E9200CEA8FA /* Release */,
			);
			defaultConfigurationIsVisible = 0;
			defaultConfigurationName = Release;
		};
/* End XCConfigurationList section */
	};
	rootObject = 1E9E707428996E9000CEA8FA /* Project object */;
}
